
Microsoft Visual Studio Solution File, Format Version 12.00
# Visual Studio Version 17
VisualStudioVersion = 17.10.35027.167
MinimumVisualStudioVersion = 15.0.26124.0
Project("{9A19103F-16F7-4668-BE54-9A1E7A4F7556}") = "KioskBrowser", "src\KioskBrowser\KioskBrowser.csproj", "{9A203C7A-49D0-430D-94F2-2AF430F07905}"
EndProject
Global
	GlobalSection(SolutionConfigurationPlatforms) = preSolution
		Debug|x64 = Debug|x64
		Release|x64 = Release|x64
	EndGlobalSection
	GlobalSection(ProjectConfigurationPlatforms) = postSolution
		{9A203C7A-49D0-430D-94F2-2AF430F07905}.Debug|x64.ActiveCfg = Debug|x64
		{9A203C7A-49D0-430D-94F2-2AF430F07905}.Debug|x64.Build.0 = Debug|x64
		{9A203C7A-49D0-430D-94F2-2AF430F07905}.Release|x64.ActiveCfg = Release|x64
		{9A203C7A-49D0-430D-94F2-2AF430F07905}.Release|x64.Build.0 = Release|x64
	EndGlobalSection
	GlobalSection(SolutionProperties) = preSolution
		HideSolutionNode = FALSE
	EndGlobalSection
	GlobalSection(ExtensibilityGlobals) = postSolution
		SolutionGuid = {C5603197-08D4-4A29-B0BC-CF4B74BBEE15}
	EndGlobalSection
EndGlobal
